
Microsoft Visual Studio Solution File, Format Version 12.00
# Visual Studio Version 16
VisualStudioVersion = 16.0.30717.126
MinimumVisualStudioVersion = 10.0.40219.1
Project("{FAE04EC0-301F-11D3-BF4B-00C04F79EFBC}") = "Equation_Library", "Equation_Library\Equation_Library.csproj", "{00B55037-FA43-45B6-A6AB-E4BC85A0425E}"
EndProject
Project("{FAE04EC0-301F-11D3-BF4B-00C04F79EFBC}") = "Equation_Test", "Equation_Test\Equation_Test.csproj", "{8511BD1C-81BC-4DD3-A2FD-8F4446827602}"
EndProject
Project("{FAE04EC0-301F-11D3-BF4B-00C04F79EFBC}") = "Function_Result", "Function_Result\Function_Result.csproj", "{620101AF-B9B4-4659-BADC-84BAFFDAD4CC}"
EndProject
Global
	GlobalSection(SolutionConfigurationPlatforms) = preSolution
		Debug|Any CPU = Debug|Any CPU
		Release|Any CPU = Release|Any CPU
	EndGlobalSection
	GlobalSection(ProjectConfigurationPlatforms) = postSolution
		{00B55037-FA43-45B6-A6AB-E4BC85A0425E}.Debug|Any CPU.ActiveCfg = Debug|Any CPU
		{00B55037-FA43-45B6-A6AB-E4BC85A0425E}.Debug|Any CPU.Build.0 = Debug|Any CPU
		{00B55037-FA43-45B6-A6AB-E4BC85A0425E}.Release|Any CPU.ActiveCfg = Release|Any CPU
		{00B55037-FA43-45B6-A6AB-E4BC85A0425E}.Release|Any CPU.Build.0 = Release|Any CPU
		{8511BD1C-81BC-4DD3-A2FD-8F4446827602}.Debug|Any CPU.ActiveCfg = Debug|Any CPU
		{8511BD1C-81BC-4DD3-A2FD-8F4446827602}.Debug|Any CPU.Build.0 = Debug|Any CPU
		{8511BD1C-81BC-4DD3-A2FD-8F4446827602}.Release|Any CPU.ActiveCfg = Release|Any CPU
		{8511BD1C-81BC-4DD3-A2FD-8F4446827602}.Release|Any CPU.Build.0 = Release|Any CPU
		{620101AF-B9B4-4659-BADC-84BAFFDAD4CC}.Debug|Any CPU.ActiveCfg = Debug|Any CPU
		{620101AF-B9B4-4659-BADC-84BAFFDAD4CC}.Debug|Any CPU.Build.0 = Debug|Any CPU
		{620101AF-B9B4-4659-BADC-84BAFFDAD4CC}.Release|Any CPU.ActiveCfg = Release|Any CPU
		{620101AF-B9B4-4659-BADC-84BAFFDAD4CC}.Release|Any CPU.Build.0 = Release|Any CPU
	EndGlobalSection
	GlobalSection(SolutionProperties) = preSolution
		HideSolutionNode = FALSE
	EndGlobalSection
	GlobalSection(ExtensibilityGlobals) = postSolution
		SolutionGuid = {DBCFB346-321D-42E9-8118-E8BF37B4E4A2}
	EndGlobalSection
EndGlobal
